
Microsoft Visual Studio Solution File, Format Version 12.00
# Visual Studio 2013
VisualStudioVersion = 12.0.31101.0
MinimumVisualStudioVersion = 10.0.40219.1
Project("{FAE04EC0-301F-11D3-BF4B-00C04F79EFBC}") = "Angularjs.UIRouting.WebApp", "Angularjs.UIRouting.WebApp\Angularjs.UIRouting.WebApp.csproj", "{6874F745-CA15-46C8-BF92-648C65D230E4}"
EndProject
Global
	GlobalSection(SolutionConfigurationPlatforms) = preSolution
		Debug|Any CPU = Debug|Any CPU
		Release|Any CPU = Release|Any CPU
	EndGlobalSection
	GlobalSection(ProjectConfigurationPlatforms) = postSolution
		{6874F745-CA15-46C8-BF92-648C65D230E4}.Debug|Any CPU.ActiveCfg = Debug|Any CPU
		{6874F745-CA15-46C8-BF92-648C65D230E4}.Debug|Any CPU.Build.0 = Debug|Any CPU
		{6874F745-CA15-46C8-BF92-648C65D230E4}.Release|Any CPU.ActiveCfg = Release|Any CPU
		{6874F745-CA15-46C8-BF92-648C65D230E4}.Release|Any CPU.Build.0 = Release|Any CPU
	EndGlobalSection
	GlobalSection(SolutionProperties) = preSolution
		HideSolutionNode = FALSE
	EndGlobalSection
EndGlobal
